
Microsoft Visual Studio Solution File, Format Version 12.00
# Visual Studio Version 16
VisualStudioVersion = 16.0.32106.194
MinimumVisualStudioVersion = 10.0.40219.1
Project("{FAE04EC0-301F-11D3-BF4B-00C04F79EFBC}") = "EditorHtml", "EditorHtml\EditorHtml.csproj", "{2C836F4C-9D68-4E21-AC4F-1EA119BAE722}"
EndProject
Global
	GlobalSection(SolutionConfigurationPlatforms) = preSolution
		Debug|Any CPU = Debug|Any CPU
		Release|Any CPU = Release|Any CPU
	EndGlobalSection
	GlobalSection(ProjectConfigurationPlatforms) = postSolution
		{2C836F4C-9D68-4E21-AC4F-1EA119BAE722}.Debug|Any CPU.ActiveCfg = Debug|Any CPU
		{2C836F4C-9D68-4E21-AC4F-1EA119BAE722}.Debug|Any CPU.Build.0 = Debug|Any CPU
		{2C836F4C-9D68-4E21-AC4F-1EA119BAE722}.Release|Any CPU.ActiveCfg = Release|Any CPU
		{2C836F4C-9D68-4E21-AC4F-1EA119BAE722}.Release|Any CPU.Build.0 = Release|Any CPU
	EndGlobalSection
	GlobalSection(SolutionProperties) = preSolution
		HideSolutionNode = FALSE
	EndGlobalSection
	GlobalSection(ExtensibilityGlobals) = postSolution
		SolutionGuid = {8D34A577-9288-44AD-90BD-4FE0587EDDCE}
	EndGlobalSection
EndGlobal
